
Microsoft Visual Studio Solution File, Format Version 12.00
# Visual Studio Version 17
VisualStudioVersion = 17.8.34330.188
MinimumVisualStudioVersion = 10.0.40219.1
Project("{FAE04EC0-301F-11D3-BF4B-00C04F79EFBC}") = "AzFunctionCleanTemplate.Function", "AzFunctionCleanTemplate\AzFunctionCleanTemplate.Function.csproj", "{05A1B37B-8D8A-4017-98A5-E312E985951D}"
EndProject
Project("{FAE04EC0-301F-11D3-BF4B-00C04F79EFBC}") = "AzFunctionCleanTemplate.Domain", "AzFunctionCleanTemplate.Domain\AzFunctionCleanTemplate.Domain.csproj", "{4896A231-9626-467A-A9BC-6FC680617D0D}"
EndProject
Project("{FAE04EC0-301F-11D3-BF4B-00C04F79EFBC}") = "AzFunctionCleanTemplate.Application", "AzFunctionCleanTemplate.Application\AzFunctionCleanTemplate.Application.csproj", "{132ED173-D1BA-4357-B85F-6A36BA235730}"
EndProject
Project("{FAE04EC0-301F-11D3-BF4B-00C04F79EFBC}") = "AzFunctionCleanTemplate.Infrastructure", "AzFunctionCleanTemplate.Infrastructure\AzFunctionCleanTemplate.Infrastructure.csproj", "{614AA54E-F5AA-4F97-800A-74C187D0EE6D}"
EndProject
Project("{FAE04EC0-301F-11D3-BF4B-00C04F79EFBC}") = "AzFunctionCleanTemplate.Tests", "AzFunctionCleanTemplate.Tests\AzFunctionCleanTemplate.Tests.csproj", "{02F4D41A-3DCA-4B76-B9E0-336401AF1994}"
EndProject
Global
	GlobalSection(SolutionConfigurationPlatforms) = preSolution
		Debug|Any CPU = Debug|Any CPU
		Release|Any CPU = Release|Any CPU
	EndGlobalSection
	GlobalSection(ProjectConfigurationPlatforms) = postSolution
		{05A1B37B-8D8A-4017-98A5-E312E985951D}.Debug|Any CPU.ActiveCfg = Debug|Any CPU
		{05A1B37B-8D8A-4017-98A5-E312E985951D}.Debug|Any CPU.Build.0 = Debug|Any CPU
		{05A1B37B-8D8A-4017-98A5-E312E985951D}.Release|Any CPU.ActiveCfg = Release|Any CPU
		{05A1B37B-8D8A-4017-98A5-E312E985951D}.Release|Any CPU.Build.0 = Release|Any CPU
		{4896A231-9626-467A-A9BC-6FC680617D0D}.Debug|Any CPU.ActiveCfg = Debug|Any CPU
		{4896A231-9626-467A-A9BC-6FC680617D0D}.Debug|Any CPU.Build.0 = Debug|Any CPU
		{4896A231-9626-467A-A9BC-6FC680617D0D}.Release|Any CPU.ActiveCfg = Release|Any CPU
		{4896A231-9626-467A-A9BC-6FC680617D0D}.Release|Any CPU.Build.0 = Release|Any CPU
		{132ED173-D1BA-4357-B85F-6A36BA235730}.Debug|Any CPU.ActiveCfg = Debug|Any CPU
		{132ED173-D1BA-4357-B85F-6A36BA235730}.Debug|Any CPU.Build.0 = Debug|Any CPU
		{132ED173-D1BA-4357-B85F-6A36BA235730}.Release|Any CPU.ActiveCfg = Release|Any CPU
		{132ED173-D1BA-4357-B85F-6A36BA235730}.Release|Any CPU.Build.0 = Release|Any CPU
		{614AA54E-F5AA-4F97-800A-74C187D0EE6D}.Debug|Any CPU.ActiveCfg = Debug|Any CPU
		{614AA54E-F5AA-4F97-800A-74C187D0EE6D}.Debug|Any CPU.Build.0 = Debug|Any CPU
		{614AA54E-F5AA-4F97-800A-74C187D0EE6D}.Release|Any CPU.ActiveCfg = Release|Any CPU
		{614AA54E-F5AA-4F97-800A-74C187D0EE6D}.Release|Any CPU.Build.0 = Release|Any CPU
		{02F4D41A-3DCA-4B76-B9E0-336401AF1994}.Debug|Any CPU.ActiveCfg = Debug|Any CPU
		{02F4D41A-3DCA-4B76-B9E0-336401AF1994}.Debug|Any CPU.Build.0 = Debug|Any CPU
		{02F4D41A-3DCA-4B76-B9E0-336401AF1994}.Release|Any CPU.ActiveCfg = Release|Any CPU
		{02F4D41A-3DCA-4B76-B9E0-336401AF1994}.Release|Any CPU.Build.0 = Release|Any CPU
	EndGlobalSection
	GlobalSection(SolutionProperties) = preSolution
		HideSolutionNode = FALSE
	EndGlobalSection
	GlobalSection(ExtensibilityGlobals) = postSolution
		SolutionGuid = {4C5E96DB-1393-468D-838E-F9543FA7829A}
	EndGlobalSection
EndGlobal
